
Microsoft Visual Studio Solution File, Format Version 12.00
# Visual Studio 14
VisualStudioVersion = 14.0.23107.0
MinimumVisualStudioVersion = 10.0.40219.1
Project("{FAE04EC0-301F-11D3-BF4B-00C04F79EFBC}") = "CapaPresentacion", "ProyectoBadBoysAndGirls\CapaPresentacion.csproj", "{F058FA3D-C18A-46BA-B1EF-51244ED736FA}"
EndProject
Project("{FAE04EC0-301F-11D3-BF4B-00C04F79EFBC}") = "CapaDatitos", "CapaDatitos\CapaDatitos.csproj", "{9C746EA3-7A6F-4725-956E-B7FE8E28FB6A}"
EndProject
Project("{FAE04EC0-301F-11D3-BF4B-00C04F79EFBC}") = "CapaNegocito", "CapaNegocito\CapaNegocito.csproj", "{8257391A-B145-4176-8550-AC5D0F336401}"
EndProject
Global
	GlobalSection(SolutionConfigurationPlatforms) = preSolution
		Debug|Any CPU = Debug|Any CPU
		Release|Any CPU = Release|Any CPU
	EndGlobalSection
	GlobalSection(ProjectConfigurationPlatforms) = postSolution
		{F058FA3D-C18A-46BA-B1EF-51244ED736FA}.Debug|Any CPU.ActiveCfg = Debug|Any CPU
		{F058FA3D-C18A-46BA-B1EF-51244ED736FA}.Debug|Any CPU.Build.0 = Debug|Any CPU
		{F058FA3D-C18A-46BA-B1EF-51244ED736FA}.Release|Any CPU.ActiveCfg = Release|Any CPU
		{F058FA3D-C18A-46BA-B1EF-51244ED736FA}.Release|Any CPU.Build.0 = Release|Any CPU
		{9C746EA3-7A6F-4725-956E-B7FE8E28FB6A}.Debug|Any CPU.ActiveCfg = Debug|Any CPU
		{9C746EA3-7A6F-4725-956E-B7FE8E28FB6A}.Debug|Any CPU.Build.0 = Debug|Any CPU
		{9C746EA3-7A6F-4725-956E-B7FE8E28FB6A}.Release|Any CPU.ActiveCfg = Release|Any CPU
		{9C746EA3-7A6F-4725-956E-B7FE8E28FB6A}.Release|Any CPU.Build.0 = Release|Any CPU
		{8257391A-B145-4176-8550-AC5D0F336401}.Debug|Any CPU.ActiveCfg = Debug|Any CPU
		{8257391A-B145-4176-8550-AC5D0F336401}.Debug|Any CPU.Build.0 = Debug|Any CPU
		{8257391A-B145-4176-8550-AC5D0F336401}.Release|Any CPU.ActiveCfg = Release|Any CPU
		{8257391A-B145-4176-8550-AC5D0F336401}.Release|Any CPU.Build.0 = Release|Any CPU
	EndGlobalSection
	GlobalSection(SolutionProperties) = preSolution
		HideSolutionNode = FALSE
	EndGlobalSection
EndGlobal
